
Microsoft Visual Studio Solution File, Format Version 12.00
# Visual Studio Version 17
VisualStudioVersion = 17.8.34316.72
MinimumVisualStudioVersion = 10.0.40219.1
Project("{FAE04EC0-301F-11D3-BF4B-00C04F79EFBC}") = "17. The for loop", "17. The for loop.csproj", "{E8C521F9-1ABB-46DB-BA8B-25878843EAA0}"
EndProject
Global
	GlobalSection(SolutionConfigurationPlatforms) = preSolution
		Debug|Any CPU = Debug|Any CPU
		Release|Any CPU = Release|Any CPU
	EndGlobalSection
	GlobalSection(ProjectConfigurationPlatforms) = postSolution
		{E8C521F9-1ABB-46DB-BA8B-25878843EAA0}.Debug|Any CPU.ActiveCfg = Debug|Any CPU
		{E8C521F9-1ABB-46DB-BA8B-25878843EAA0}.Debug|Any CPU.Build.0 = Debug|Any CPU
		{E8C521F9-1ABB-46DB-BA8B-25878843EAA0}.Release|Any CPU.ActiveCfg = Release|Any CPU
		{E8C521F9-1ABB-46DB-BA8B-25878843EAA0}.Release|Any CPU.Build.0 = Release|Any CPU
	EndGlobalSection
	GlobalSection(SolutionProperties) = preSolution
		HideSolutionNode = FALSE
	EndGlobalSection
	GlobalSection(ExtensibilityGlobals) = postSolution
		SolutionGuid = {1E7958F2-4D59-48A1-9029-F370B39CBCA4}
	EndGlobalSection
EndGlobal
